
Microsoft Visual Studio Solution File, Format Version 12.00
# Visual Studio Version 16
VisualStudioVersion = 16.0.31129.286
MinimumVisualStudioVersion = 10.0.40219.1
Project("{FAE04EC0-301F-11D3-BF4B-00C04F79EFBC}") = "15.04.21", "15.04.21\15.04.21.csproj", "{F8BACC3A-126D-43DA-A0EA-0259030BA3DD}"
EndProject
Project("{FAE04EC0-301F-11D3-BF4B-00C04F79EFBC}") = "Rdd", "Rdd\Rdd.csproj", "{9E7273F1-42FD-40D3-8F32-06BE5D4A4D91}"
EndProject
Global
	GlobalSection(SolutionConfigurationPlatforms) = preSolution
		Debug|Any CPU = Debug|Any CPU
		Release|Any CPU = Release|Any CPU
	EndGlobalSection
	GlobalSection(ProjectConfigurationPlatforms) = postSolution
		{F8BACC3A-126D-43DA-A0EA-0259030BA3DD}.Debug|Any CPU.ActiveCfg = Debug|Any CPU
		{F8BACC3A-126D-43DA-A0EA-0259030BA3DD}.Debug|Any CPU.Build.0 = Debug|Any CPU
		{F8BACC3A-126D-43DA-A0EA-0259030BA3DD}.Release|Any CPU.ActiveCfg = Release|Any CPU
		{F8BACC3A-126D-43DA-A0EA-0259030BA3DD}.Release|Any CPU.Build.0 = Release|Any CPU
		{9E7273F1-42FD-40D3-8F32-06BE5D4A4D91}.Debug|Any CPU.ActiveCfg = Debug|Any CPU
		{9E7273F1-42FD-40D3-8F32-06BE5D4A4D91}.Debug|Any CPU.Build.0 = Debug|Any CPU
		{9E7273F1-42FD-40D3-8F32-06BE5D4A4D91}.Release|Any CPU.ActiveCfg = Release|Any CPU
		{9E7273F1-42FD-40D3-8F32-06BE5D4A4D91}.Release|Any CPU.Build.0 = Release|Any CPU
	EndGlobalSection
	GlobalSection(SolutionProperties) = preSolution
		HideSolutionNode = FALSE
	EndGlobalSection
	GlobalSection(ExtensibilityGlobals) = postSolution
		SolutionGuid = {B3605BB3-5E9E-4415-8F1F-2C4384CD5823}
	EndGlobalSection
EndGlobal
